// !$*UTF8*$!
{
	archiveVersion = 1;
	classes = {
	};
	objectVersion = 46;
	objects = {

/* Begin PBXBuildFile section */
		AEB7278A1B024B88003E68C2 /* main.m in Sources */ = {isa = PBXBuildFile; fileRef = AEB727891B024B88003E68C2 /* main.m */; };
/* End PBXBuildFile section */

/* Begin PBXCopyFilesBuildPhase section */
		AEB727841B024B88003E68C2 /* CopyFiles */ = {
			isa = PBXCopyFilesBuildPhase;
			buildActionMask = 2147483647;
			dstPath = /usr/share/man/man1/;
			dstSubfolderSpec = 0;
			files = (
			);
			runOnlyForDeploymentPostprocessing = 1;
		};
/* End PBXCopyFilesBuildPhase section */

/* Begin PBXFileReference section */
		AEB727861B024B88003E68C2 /* MetersInFeetUsingModf */ = {isa = PBXFileReference; explicitFileType = "compiled.mach-o.executable"; includeInIndex = 0; path = MetersInFeetUsingModf; sourceTree = BUILT_PRODUCTS_DIR; };
		AEB727891B024B88003E68C2 /* main.m */ = {isa = PBXFileReference; lastKnownFileType = sourcecode.c.objc; path = main.m; sourceTree = "<group>"; };
/* End PBXFileReference section */

/* Begin PBXFrameworksBuildPhase section */
		AEB727831B024B88003E68C2 /* Frameworks */ = {
			isa = PBXFrameworksBuildPhase;
			buildActionMask = 2147483647;
			files = (
			);
			runOnlyForDeploymentPostprocessing = 0;
		};
/* End PBXFrameworksBuildPhase section */

/* Begin PBXGroup section */
		AEB7277D1B024B88003E68C2 = {
			isa = PBXGroup;
			children = (
				AEB727881B024B88003E68C2 /* MetersInFeetUsingModf */,
				AEB727871B024B88003E68C2 /* Products */,
			);
			sourceTree = "<group>";
		};
		AEB727871B024B88003E68C2 /* Products */ = {
			isa = PBXGroup;
			children = (
				AEB727861B024B88003E68C2 /* MetersInFeetUsingModf */,
			);
			name = Products;
			sourceTree = "<group>";
		};
		AEB727881B024B88003E68C2 /* MetersInFeetUsingModf */ = {
			isa = PBXGroup;
			children = (
				AEB727891B024B88003E68C2 /* main.m */,
			);
			path = MetersInFeetUsingModf;
			sourceTree = "<group>";
		};
/* End PBXGroup section */

/* Begin PBXNativeTarget section */
		AEB727851B024B88003E68C2 /* MetersInFeetUsingModf */ = {
			isa = PBXNativeTarget;
			buildConfigurationList = AEB7278D1B024B88003E68C2 /* Build configuration list for PBXNativeTarget "MetersInFeetUsingModf" */;
			buildPhases = (
				AEB727821B024B88003E68C2 /* Sources */,
				AEB727831B024B88003E68C2 /* Frameworks */,
				AEB727841B024B88003E68C2 /* CopyFiles */,
			);
			buildRules = (
			);
			dependencies = (
			);
			name = MetersInFeetUsingModf;
			productName = MetersInFeetUsingModf;
			productReference = AEB727861B024B88003E68C2 /* MetersInFeetUsingModf */;
			productType = "com.apple.product-type.tool";
		};
/* End PBXNativeTarget section */

/* Begin PBXProject section */
		AEB7277E1B024B88003E68C2 /* Project object */ = {
			isa = PBXProject;
			attributes = {
				LastUpgradeCheck = 0630;
				ORGANIZATIONNAME = "Bravery Communications";
				TargetAttributes = {
					AEB727851B024B88003E68C2 = {
						CreatedOnToolsVersion = 6.3;
					};
				};
			};
			buildConfigurationList = AEB727811B024B88003E68C2 /* Build configuration list for PBXProject "MetersInFeetUsingModf" */;
			compatibilityVersion = "Xcode 3.2";
			developmentRegion = English;
			hasScannedForEncodings = 0;
			knownRegions = (
				en,
			);
			mainGroup = AEB7277D1B024B88003E68C2;
			productRefGroup = AEB727871B024B88003E68C2 /* Products */;
			projectDirPath = "";
			projectRoot = "";
			targets = (
				AEB727851B024B88003E68C2 /* MetersInFeetUsingModf */,
			);
		};
/* End PBXProject section */

/* Begin PBXSourcesBuildPhase section */
		AEB727821B024B88003E68C2 /* Sources */ = {
			isa = PBXSourcesBuildPhase;
			buildActionMask = 2147483647;
			files = (
				AEB7278A1B024B88003E68C2 /* main.m in Sources */,
			);
			runOnlyForDeploymentPostprocessing = 0;
		};
/* End PBXSourcesBuildPhase section */

/* Begin XCBuildConfiguration section */
		AEB7278B1B024B88003E68C2 /* Debug */ = {
			isa = XCBuildConfiguration;
			buildSettings = {
				ALWAYS_SEARCH_USER_PATHS = NO;
				CLANG_CXX_LANGUAGE_STANDARD = "gnu++0x";
				CLANG_CXX_LIBRARY = "libc++";
				CLANG_ENABLE_MODULES = YES;
				CLANG_ENABLE_OBJC_ARC = YES;
				CLANG_WARN_BOOL_CONVERSION = YES;
				CLANG_WARN_CONSTANT_CONVERSION = YES;
				CLANG_WARN_DIRECT_OBJC_ISA_USAGE = YES_ERROR;
				CLANG_WARN_EMPTY_BODY = YES;
				CLANG_WARN_ENUM_CONVERSION = YES;
				CLANG_WARN_INT_CONVERSION = YES;
				CLANG_WARN_OBJC_ROOT_CLASS = YES_ERROR;
				CLANG_WARN_UNREACHABLE_CODE = YES;
				CLANG_WARN__DUPLICATE_METHOD_MATCH = YES;
				COPY_PHASE_STRIP = NO;
				DEBUG_INFORMATION_FORMAT = dwarf;
				ENABLE_STRICT_OBJC_MSGSEND = YES;
				GCC_C_LANGUAGE_STANDARD = gnu99;
				GCC_DYNAMIC_NO_PIC = NO;
				GCC_NO_COMMON_BLOCKS = YES;
				GCC_OPTIMIZATION_LEVEL = 0;
				GCC_PREPROCESSOR_DEFINITIONS = (
					"DEBUG=1",
					"$(inherited)",
				);
				GCC_SYMBOLS_PRIVATE_EXTERN = NO;
				GCC_WARN_64_TO_32_BIT_CONVERSION = YES;
				GCC_WARN_ABOUT_RETURN_TYPE = YES_ERROR;
				GCC_WARN_UNDECLARED_SELECTOR = YES;
				GCC_WARN_UNINITIALIZED_AUTOS = YES_AGGRESSIVE;
				GCC_WARN_UNUSED_FUNCTION = YES;
				GCC_WARN_UNUSED_VARIABLE = YES;
				MACOSX_DEPLOYMENT_TARGET = 10.10;
				MTL_ENABLE_DEBUG_INFO = YES;
				ONLY_ACTIVE_ARCH = YES;
				SDKROOT = macosx;
			};
			name = Debug;
		};
		AEB7278C1B024B88003E68C2 /* Release */ = {
			isa = XCBuildConfiguration;
			buildSettings = {
				ALWAYS_SEARCH_USER_PATHS = NO;
				CLANG_CXX_LANGUAGE_STANDARD = "gnu++0x";
				CLANG_CXX_LIBRARY = "libc++";
				CLANG_ENABLE_MODULES = YES;
				CLANG_ENABLE_OBJC_ARC = YES;
				CLANG_WARN_BOOL_CONVERSION = YES;
				CLANG_WARN_CONSTANT_CONVERSION = YES;
				CLANG_WARN_DIRECT_OBJC_ISA_USAGE = YES_ERROR;
				CLANG_WARN_EMPTY_BODY = YES;
				CLANG_WARN_ENUM_CONVERSION = YES;
				CLANG_WARN_INT_CONVERSION = YES;
				CLANG_WARN_OBJC_ROOT_CLASS = YES_ERROR;
				CLANG_WARN_UNREACHABLE_CODE = YES;
				CLANG_WARN__DUPLICATE_METHOD_MATCH = YES;
				COPY_PHASE_STRIP = NO;
				DEBUG_INFORMATION_FORMAT = "dwarf-with-dsym";
				ENABLE_NS_ASSERTIONS = NO;
				ENABLE_STRICT_OBJC_MSGSEND = YES;
				GCC_C_LANGUAGE_STANDARD = gnu99;
				GCC_NO_COMMON_BLOCKS = YES;
				GCC_WARN_64_TO_32_BIT_CONVERSION = YES;
				GCC_WARN_ABOUT_RETURN_TYPE = YES_ERROR;
				GCC_WARN_UNDECLARED_SELECTOR = YES;
				GCC_WARN_UNINITIALIZED_AUTOS = YES_AGGRESSIVE;
				GCC_WARN_UNUSED_FUNCTION = YES;
				GCC_WARN_UNUSED_VARIABLE = YES;
				MACOSX_DEPLOYMENT_TARGET = 10.10;
				MTL_ENABLE_DEBUG_INFO = NO;
				SDKROOT = macosx;
			};
			name = Release;
		};
		AEB7278E1B024B88003E68C2 /* Debug */ = {
			isa = XCBuildConfiguration;
			buildSettings = {
				PRODUCT_NAME = "$(TARGET_NAME)";
			};
			name = Debug;
		};
		AEB7278F1B024B88003E68C2 /* Release */ = {
			isa = XCBuildConfiguration;
			buildSettings = {
				PRODUCT_NAME = "$(TARGET_NAME)";
			};
			name = Release;
		};
/* End XCBuildConfiguration section */

/* Begin XCConfigurationList section */
		AEB727811B024B88003E68C2 /* Build configuration list for PBXProject "MetersInFeetUsingModf" */ = {
			isa = XCConfigurationList;
			buildConfigurations = (
				AEB7278B1B024B88003E68C2 /* Debug */,
				AEB7278C1B024B88003E68C2 /* Release */,
			);
			defaultConfigurationIsVisible = 0;
			defaultConfigurationName = Release;
		};
		AEB7278D1B024B88003E68C2 /* Build configuration list for PBXNativeTarget "MetersInFeetUsingModf" */ = {
			isa = XCConfigurationList;
			buildConfigurations = (
				AEB7278E1B024B88003E68C2 /* Debug */,
				AEB7278F1B024B88003E68C2 /* Release */,
			);
			defaultConfigurationIsVisible = 0;
		};
/* End XCConfigurationList section */
	};
	rootObject = AEB7277E1B024B88003E68C2 /* Project object */;
}
