// !$*UTF8*$!
{
	archiveVersion = 1;
	classes = {
	};
	objectVersion = 46;
	objects = {

/* Begin PBXBuildFile section */
		AE85FA6F1B0CAA82008F2B2C /* main.m in Sources */ = {isa = PBXBuildFile; fileRef = AE85FA6E1B0CAA82008F2B2C /* main.m */; };
/* End PBXBuildFile section */

/* Begin PBXCopyFilesBuildPhase section */
		AE85FA691B0CAA82008F2B2C /* CopyFiles */ = {
			isa = PBXCopyFilesBuildPhase;
			buildActionMask = 2147483647;
			dstPath = /usr/share/man/man1/;
			dstSubfolderSpec = 0;
			files = (
			);
			runOnlyForDeploymentPostprocessing = 1;
		};
/* End PBXCopyFilesBuildPhase section */

/* Begin PBXFileReference section */
		AE85FA6B1B0CAA82008F2B2C /* Common Regular Challenge */ = {isa = PBXFileReference; explicitFileType = "compiled.mach-o.executable"; includeInIndex = 0; path = "Common Regular Challenge"; sourceTree = BUILT_PRODUCTS_DIR; };
		AE85FA6E1B0CAA82008F2B2C /* main.m */ = {isa = PBXFileReference; lastKnownFileType = sourcecode.c.objc; path = main.m; sourceTree = "<group>"; };
/* End PBXFileReference section */

/* Begin PBXFrameworksBuildPhase section */
		AE85FA681B0CAA82008F2B2C /* Frameworks */ = {
			isa = PBXFrameworksBuildPhase;
			buildActionMask = 2147483647;
			files = (
			);
			runOnlyForDeploymentPostprocessing = 0;
		};
/* End PBXFrameworksBuildPhase section */

/* Begin PBXGroup section */
		AE85FA621B0CAA82008F2B2C = {
			isa = PBXGroup;
			children = (
				AE85FA6D1B0CAA82008F2B2C /* Common Regular Challenge */,
				AE85FA6C1B0CAA82008F2B2C /* Products */,
			);
			sourceTree = "<group>";
		};
		AE85FA6C1B0CAA82008F2B2C /* Products */ = {
			isa = PBXGroup;
			children = (
				AE85FA6B1B0CAA82008F2B2C /* Common Regular Challenge */,
			);
			name = Products;
			sourceTree = "<group>";
		};
		AE85FA6D1B0CAA82008F2B2C /* Common Regular Challenge */ = {
			isa = PBXGroup;
			children = (
				AE85FA6E1B0CAA82008F2B2C /* main.m */,
			);
			path = "Common Regular Challenge";
			sourceTree = "<group>";
		};
/* End PBXGroup section */

/* Begin PBXNativeTarget section */
		AE85FA6A1B0CAA82008F2B2C /* Common Regular Challenge */ = {
			isa = PBXNativeTarget;
			buildConfigurationList = AE85FA721B0CAA82008F2B2C /* Build configuration list for PBXNativeTarget "Common Regular Challenge" */;
			buildPhases = (
				AE85FA671B0CAA82008F2B2C /* Sources */,
				AE85FA681B0CAA82008F2B2C /* Frameworks */,
				AE85FA691B0CAA82008F2B2C /* CopyFiles */,
			);
			buildRules = (
			);
			dependencies = (
			);
			name = "Common Regular Challenge";
			productName = "Common Regular Challenge";
			productReference = AE85FA6B1B0CAA82008F2B2C /* Common Regular Challenge */;
			productType = "com.apple.product-type.tool";
		};
/* End PBXNativeTarget section */

/* Begin PBXProject section */
		AE85FA631B0CAA82008F2B2C /* Project object */ = {
			isa = PBXProject;
			attributes = {
				LastUpgradeCheck = 0630;
				ORGANIZATIONNAME = "Bravery Communications";
				TargetAttributes = {
					AE85FA6A1B0CAA82008F2B2C = {
						CreatedOnToolsVersion = 6.3;
					};
				};
			};
			buildConfigurationList = AE85FA661B0CAA82008F2B2C /* Build configuration list for PBXProject "Common Regular Challenge" */;
			compatibilityVersion = "Xcode 3.2";
			developmentRegion = English;
			hasScannedForEncodings = 0;
			knownRegions = (
				en,
			);
			mainGroup = AE85FA621B0CAA82008F2B2C;
			productRefGroup = AE85FA6C1B0CAA82008F2B2C /* Products */;
			projectDirPath = "";
			projectRoot = "";
			targets = (
				AE85FA6A1B0CAA82008F2B2C /* Common Regular Challenge */,
			);
		};
/* End PBXProject section */

/* Begin PBXSourcesBuildPhase section */
		AE85FA671B0CAA82008F2B2C /* Sources */ = {
			isa = PBXSourcesBuildPhase;
			buildActionMask = 2147483647;
			files = (
				AE85FA6F1B0CAA82008F2B2C /* main.m in Sources */,
			);
			runOnlyForDeploymentPostprocessing = 0;
		};
/* End PBXSourcesBuildPhase section */

/* Begin XCBuildConfiguration section */
		AE85FA701B0CAA82008F2B2C /* Debug */ = {
			isa = XCBuildConfiguration;
			buildSettings = {
				ALWAYS_SEARCH_USER_PATHS = NO;
				CLANG_CXX_LANGUAGE_STANDARD = "gnu++0x";
				CLANG_CXX_LIBRARY = "libc++";
				CLANG_ENABLE_MODULES = YES;
				CLANG_ENABLE_OBJC_ARC = YES;
				CLANG_WARN_BOOL_CONVERSION = YES;
				CLANG_WARN_CONSTANT_CONVERSION = YES;
				CLANG_WARN_DIRECT_OBJC_ISA_USAGE = YES_ERROR;
				CLANG_WARN_EMPTY_BODY = YES;
				CLANG_WARN_ENUM_CONVERSION = YES;
				CLANG_WARN_INT_CONVERSION = YES;
				CLANG_WARN_OBJC_ROOT_CLASS = YES_ERROR;
				CLANG_WARN_UNREACHABLE_CODE = YES;
				CLANG_WARN__DUPLICATE_METHOD_MATCH = YES;
				COPY_PHASE_STRIP = NO;
				DEBUG_INFORMATION_FORMAT = dwarf;
				ENABLE_STRICT_OBJC_MSGSEND = YES;
				GCC_C_LANGUAGE_STANDARD = gnu99;
				GCC_DYNAMIC_NO_PIC = NO;
				GCC_NO_COMMON_BLOCKS = YES;
				GCC_OPTIMIZATION_LEVEL = 0;
				GCC_PREPROCESSOR_DEFINITIONS = (
					"DEBUG=1",
					"$(inherited)",
				);
				GCC_SYMBOLS_PRIVATE_EXTERN = NO;
				GCC_WARN_64_TO_32_BIT_CONVERSION = YES;
				GCC_WARN_ABOUT_RETURN_TYPE = YES_ERROR;
				GCC_WARN_UNDECLARED_SELECTOR = YES;
				GCC_WARN_UNINITIALIZED_AUTOS = YES_AGGRESSIVE;
				GCC_WARN_UNUSED_FUNCTION = YES;
				GCC_WARN_UNUSED_VARIABLE = YES;
				MACOSX_DEPLOYMENT_TARGET = 10.10;
				MTL_ENABLE_DEBUG_INFO = YES;
				ONLY_ACTIVE_ARCH = YES;
				SDKROOT = macosx;
			};
			name = Debug;
		};
		AE85FA711B0CAA82008F2B2C /* Release */ = {
			isa = XCBuildConfiguration;
			buildSettings = {
				ALWAYS_SEARCH_USER_PATHS = NO;
				CLANG_CXX_LANGUAGE_STANDARD = "gnu++0x";
				CLANG_CXX_LIBRARY = "libc++";
				CLANG_ENABLE_MODULES = YES;
				CLANG_ENABLE_OBJC_ARC = YES;
				CLANG_WARN_BOOL_CONVERSION = YES;
				CLANG_WARN_CONSTANT_CONVERSION = YES;
				CLANG_WARN_DIRECT_OBJC_ISA_USAGE = YES_ERROR;
				CLANG_WARN_EMPTY_BODY = YES;
				CLANG_WARN_ENUM_CONVERSION = YES;
				CLANG_WARN_INT_CONVERSION = YES;
				CLANG_WARN_OBJC_ROOT_CLASS = YES_ERROR;
				CLANG_WARN_UNREACHABLE_CODE = YES;
				CLANG_WARN__DUPLICATE_METHOD_MATCH = YES;
				COPY_PHASE_STRIP = NO;
				DEBUG_INFORMATION_FORMAT = "dwarf-with-dsym";
				ENABLE_NS_ASSERTIONS = NO;
				ENABLE_STRICT_OBJC_MSGSEND = YES;
				GCC_C_LANGUAGE_STANDARD = gnu99;
				GCC_NO_COMMON_BLOCKS = YES;
				GCC_WARN_64_TO_32_BIT_CONVERSION = YES;
				GCC_WARN_ABOUT_RETURN_TYPE = YES_ERROR;
				GCC_WARN_UNDECLARED_SELECTOR = YES;
				GCC_WARN_UNINITIALIZED_AUTOS = YES_AGGRESSIVE;
				GCC_WARN_UNUSED_FUNCTION = YES;
				GCC_WARN_UNUSED_VARIABLE = YES;
				MACOSX_DEPLOYMENT_TARGET = 10.10;
				MTL_ENABLE_DEBUG_INFO = NO;
				SDKROOT = macosx;
			};
			name = Release;
		};
		AE85FA731B0CAA82008F2B2C /* Debug */ = {
			isa = XCBuildConfiguration;
			buildSettings = {
				PRODUCT_NAME = "$(TARGET_NAME)";
			};
			name = Debug;
		};
		AE85FA741B0CAA82008F2B2C /* Release */ = {
			isa = XCBuildConfiguration;
			buildSettings = {
				PRODUCT_NAME = "$(TARGET_NAME)";
			};
			name = Release;
		};
/* End XCBuildConfiguration section */

/* Begin XCConfigurationList section */
		AE85FA661B0CAA82008F2B2C /* Build configuration list for PBXProject "Common Regular Challenge" */ = {
			isa = XCConfigurationList;
			buildConfigurations = (
				AE85FA701B0CAA82008F2B2C /* Debug */,
				AE85FA711B0CAA82008F2B2C /* Release */,
			);
			defaultConfigurationIsVisible = 0;
			defaultConfigurationName = Release;
		};
		AE85FA721B0CAA82008F2B2C /* Build configuration list for PBXNativeTarget "Common Regular Challenge" */ = {
			isa = XCConfigurationList;
			buildConfigurations = (
				AE85FA731B0CAA82008F2B2C /* Debug */,
				AE85FA741B0CAA82008F2B2C /* Release */,
			);
			defaultConfigurationIsVisible = 0;
		};
/* End XCConfigurationList section */
	};
	rootObject = AE85FA631B0CAA82008F2B2C /* Project object */;
}
